// !$*UTF8*$!
{
	archiveVersion = 1;
	classes = {
	};
	objectVersion = 50;
	objects = {

/* Begin PBXBuildFile section */
		83252EED24E28DC7003DD3C0 /* AppDelegate.swift in Sources */ = {isa = PBXBuildFile; fileRef = 83252EEC24E28DC7003DD3C0 /* AppDelegate.swift */; };
		83252EEF24E28DC7003DD3C0 /* SceneDelegate.swift in Sources */ = {isa = PBXBuildFile; fileRef = 83252EEE24E28DC7003DD3C0 /* SceneDelegate.swift */; };
		83252EF124E28DC7003DD3C0 /* ViewController.swift in Sources */ = {isa = PBXBuildFile; fileRef = 83252EF024E28DC7003DD3C0 /* ViewController.swift */; };
		83252EF424E28DC7003DD3C0 /* Main.storyboard in Resources */ = {isa = PBXBuildFile; fileRef = 83252EF224E28DC7003DD3C0 /* Main.storyboard */; };
		83252EF624E28DC9003DD3C0 /* Assets.xcassets in Resources */ = {isa = PBXBuildFile; fileRef = 83252EF524E28DC9003DD3C0 /* Assets.xcassets */; };
		83252EF924E28DC9003DD3C0 /* LaunchScreen.storyboard in Resources */ = {isa = PBXBuildFile; fileRef = 83252EF724E28DC9003DD3C0 /* LaunchScreen.storyboard */; };
		83252F0424E28DC9003DD3C0 /* ProjectForPracticeTests.swift in Sources */ = {isa = PBXBuildFile; fileRef = 83252F0324E28DC9003DD3C0 /* ProjectForPracticeTests.swift */; };
/* End PBXBuildFile section */

/* Begin PBXContainerItemProxy section */
		83252F0024E28DC9003DD3C0 /* PBXContainerItemProxy */ = {
			isa = PBXContainerItemProxy;
			containerPortal = 83252EE124E28DC7003DD3C0 /* Project object */;
			proxyType = 1;
			remoteGlobalIDString = 83252EE824E28DC7003DD3C0;
			remoteInfo = ProjectForPractice;
		};
/* End PBXContainerItemProxy section */

/* Begin PBXFileReference section */
		83252EE924E28DC7003DD3C0 /* ProjectForPractice.app */ = {isa = PBXFileReference; explicitFileType = wrapper.application; includeInIndex = 0; path = ProjectForPractice.app; sourceTree = BUILT_PRODUCTS_DIR; };
		83252EEC24E28DC7003DD3C0 /* AppDelegate.swift */ = {isa = PBXFileReference; lastKnownFileType = sourcecode.swift; path = AppDelegate.swift; sourceTree = "<group>"; };
		83252EEE24E28DC7003DD3C0 /* SceneDelegate.swift */ = {isa = PBXFileReference; lastKnownFileType = sourcecode.swift; path = SceneDelegate.swift; sourceTree = "<group>"; };
		83252EF024E28DC7003DD3C0 /* ViewController.swift */ = {isa = PBXFileReference; lastKnownFileType = sourcecode.swift; path = ViewController.swift; sourceTree = "<group>"; };
		83252EF324E28DC7003DD3C0 /* Base */ = {isa = PBXFileReference; lastKnownFileType = file.storyboard; name = Base; path = Base.lproj/Main.storyboard; sourceTree = "<group>"; };
		83252EF524E28DC9003DD3C0 /* Assets.xcassets */ = {isa = PBXFileReference; lastKnownFileType = folder.assetcatalog; path = Assets.xcassets; sourceTree = "<group>"; };
		83252EF824E28DC9003DD3C0 /* Base */ = {isa = PBXFileReference; lastKnownFileType = file.storyboard; name = Base; path = Base.lproj/LaunchScreen.storyboard; sourceTree = "<group>"; };
		83252EFA24E28DC9003DD3C0 /* Info.plist */ = {isa = PBXFileReference; lastKnownFileType = text.plist.xml; path = Info.plist; sourceTree = "<group>"; };
		83252EFF24E28DC9003DD3C0 /* ProjectForPracticeTests.xctest */ = {isa = PBXFileReference; explicitFileType = wrapper.cfbundle; includeInIndex = 0; path = ProjectForPracticeTests.xctest; sourceTree = BUILT_PRODUCTS_DIR; };
		83252F0324E28DC9003DD3C0 /* ProjectForPracticeTests.swift */ = {isa = PBXFileReference; lastKnownFileType = sourcecode.swift; path = ProjectForPracticeTests.swift; sourceTree = "<group>"; };
		83252F0524E28DC9003DD3C0 /* Info.plist */ = {isa = PBXFileReference; lastKnownFileType = text.plist.xml; path = Info.plist; sourceTree = "<group>"; };
/* End PBXFileReference section */

/* Begin PBXFrameworksBuildPhase section */
		83252EE624E28DC7003DD3C0 /* Frameworks */ = {
			isa = PBXFrameworksBuildPhase;
			buildActionMask = 2147483647;
			files = (
			);
			runOnlyForDeploymentPostprocessing = 0;
		};
		83252EFC24E28DC9003DD3C0 /* Frameworks */ = {
			isa = PBXFrameworksBuildPhase;
			buildActionMask = 2147483647;
			files = (
			);
			runOnlyForDeploymentPostprocessing = 0;
		};
/* End PBXFrameworksBuildPhase section */

/* Begin PBXGroup section */
		83252EE024E28DC7003DD3C0 = {
			isa = PBXGroup;
			children = (
				83252EEB24E28DC7003DD3C0 /* ProjectForPractice */,
				83252F0224E28DC9003DD3C0 /* ProjectForPracticeTests */,
				83252EEA24E28DC7003DD3C0 /* Products */,
			);
			sourceTree = "<group>";
		};
		83252EEA24E28DC7003DD3C0 /* Products */ = {
			isa = PBXGroup;
			children = (
				83252EE924E28DC7003DD3C0 /* ProjectForPractice.app */,
				83252EFF24E28DC9003DD3C0 /* ProjectForPracticeTests.xctest */,
			);
			name = Products;
			sourceTree = "<group>";
		};
		83252EEB24E28DC7003DD3C0 /* ProjectForPractice */ = {
			isa = PBXGroup;
			children = (
				83252EEC24E28DC7003DD3C0 /* AppDelegate.swift */,
				83252EEE24E28DC7003DD3C0 /* SceneDelegate.swift */,
				83252EF024E28DC7003DD3C0 /* ViewController.swift */,
				83252EF224E28DC7003DD3C0 /* Main.storyboard */,
				83252EF524E28DC9003DD3C0 /* Assets.xcassets */,
				83252EF724E28DC9003DD3C0 /* LaunchScreen.storyboard */,
				83252EFA24E28DC9003DD3C0 /* Info.plist */,
			);
			path = ProjectForPractice;
			sourceTree = "<group>";
		};
		83252F0224E28DC9003DD3C0 /* ProjectForPracticeTests */ = {
			isa = PBXGroup;
			children = (
				83252F0324E28DC9003DD3C0 /* ProjectForPracticeTests.swift */,
				83252F0524E28DC9003DD3C0 /* Info.plist */,
			);
			path = ProjectForPracticeTests;
			sourceTree = "<group>";
		};
/* End PBXGroup section */

/* Begin PBXNativeTarget section */
		83252EE824E28DC7003DD3C0 /* ProjectForPractice */ = {
			isa = PBXNativeTarget;
			buildConfigurationList = 83252F0824E28DC9003DD3C0 /* Build configuration list for PBXNativeTarget "ProjectForPractice" */;
			buildPhases = (
				83252EE524E28DC7003DD3C0 /* Sources */,
				83252EE624E28DC7003DD3C0 /* Frameworks */,
				83252EE724E28DC7003DD3C0 /* Resources */,
			);
			buildRules = (
			);
			dependencies = (
			);
			name = ProjectForPractice;
			productName = ProjectForPractice;
			productReference = 83252EE924E28DC7003DD3C0 /* ProjectForPractice.app */;
			productType = "com.apple.product-type.application";
		};
		83252EFE24E28DC9003DD3C0 /* ProjectForPracticeTests */ = {
			isa = PBXNativeTarget;
			buildConfigurationList = 83252F0B24E28DC9003DD3C0 /* Build configuration list for PBXNativeTarget "ProjectForPracticeTests" */;
			buildPhases = (
				83252EFB24E28DC9003DD3C0 /* Sources */,
				83252EFC24E28DC9003DD3C0 /* Frameworks */,
				83252EFD24E28DC9003DD3C0 /* Resources */,
			);
			buildRules = (
			);
			dependencies = (
				83252F0124E28DC9003DD3C0 /* PBXTargetDependency */,
			);
			name = ProjectForPracticeTests;
			productName = ProjectForPracticeTests;
			productReference = 83252EFF24E28DC9003DD3C0 /* ProjectForPracticeTests.xctest */;
			productType = "com.apple.product-type.bundle.unit-test";
		};
/* End PBXNativeTarget section */

/* Begin PBXProject section */
		83252EE124E28DC7003DD3C0 /* Project object */ = {
			isa = PBXProject;
			attributes = {
				LastSwiftUpdateCheck = 1160;
				LastUpgradeCheck = 1160;
				ORGANIZATIONNAME = "Liza Lipatova";
				TargetAttributes = {
					83252EE824E28DC7003DD3C0 = {
						CreatedOnToolsVersion = 11.6;
					};
					83252EFE24E28DC9003DD3C0 = {
						CreatedOnToolsVersion = 11.6;
						TestTargetID = 83252EE824E28DC7003DD3C0;
					};
				};
			};
			buildConfigurationList = 83252EE424E28DC7003DD3C0 /* Build configuration list for PBXProject "ProjectForPractice" */;
			compatibilityVersion = "Xcode 9.3";
			developmentRegion = en;
			hasScannedForEncodings = 0;
			knownRegions = (
				en,
				Base,
			);
			mainGroup = 83252EE024E28DC7003DD3C0;
			productRefGroup = 83252EEA24E28DC7003DD3C0 /* Products */;
			projectDirPath = "";
			projectRoot = "";
			targets = (
				83252EE824E28DC7003DD3C0 /* ProjectForPractice */,
				83252EFE24E28DC9003DD3C0 /* ProjectForPracticeTests */,
			);
		};
/* End PBXProject section */

/* Begin PBXResourcesBuildPhase section */
		83252EE724E28DC7003DD3C0 /* Resources */ = {
			isa = PBXResourcesBuildPhase;
			buildActionMask = 2147483647;
			files = (
				83252EF924E28DC9003DD3C0 /* LaunchScreen.storyboard in Resources */,
				83252EF624E28DC9003DD3C0 /* Assets.xcassets in Resources */,
				83252EF424E28DC7003DD3C0 /* Main.storyboard in Resources */,
			);
			runOnlyForDeploymentPostprocessing = 0;
		};
		83252EFD24E28DC9003DD3C0 /* Resources */ = {
			isa = PBXResourcesBuildPhase;
			buildActionMask = 2147483647;
			files = (
			);
			runOnlyForDeploymentPostprocessing = 0;
		};
/* End PBXResourcesBuildPhase section */

/* Begin PBXSourcesBuildPhase section */
		83252EE524E28DC7003DD3C0 /* Sources */ = {
			isa = PBXSourcesBuildPhase;
			buildActionMask = 2147483647;
			files = (
				83252EF124E28DC7003DD3C0 /* ViewController.swift in Sources */,
				83252EED24E28DC7003DD3C0 /* AppDelegate.swift in Sources */,
				83252EEF24E28DC7003DD3C0 /* SceneDelegate.swift in Sources */,
			);
			runOnlyForDeploymentPostprocessing = 0;
		};
		83252EFB24E28DC9003DD3C0 /* Sources */ = {
			isa = PBXSourcesBuildPhase;
			buildActionMask = 2147483647;
			files = (
				83252F0424E28DC9003DD3C0 /* ProjectForPracticeTests.swift in Sources */,
			);
			runOnlyForDeploymentPostprocessing = 0;
		};
/* End PBXSourcesBuildPhase section */

/* Begin PBXTargetDependency section */
		83252F0124E28DC9003DD3C0 /* PBXTargetDependency */ = {
			isa = PBXTargetDependency;
			target = 83252EE824E28DC7003DD3C0 /* ProjectForPractice */;
			targetProxy = 83252F0024E28DC9003DD3C0 /* PBXContainerItemProxy */;
		};
/* End PBXTargetDependency section */

/* Begin PBXVariantGroup section */
		83252EF224E28DC7003DD3C0 /* Main.storyboard */ = {
			isa = PBXVariantGroup;
			children = (
				83252EF324E28DC7003DD3C0 /* Base */,
			);
			name = Main.storyboard;
			sourceTree = "<group>";
		};
		83252EF724E28DC9003DD3C0 /* LaunchScreen.storyboard */ = {
			isa = PBXVariantGroup;
			children = (
				83252EF824E28DC9003DD3C0 /* Base */,
			);
			name = LaunchScreen.storyboard;
			sourceTree = "<group>";
		};
/* End PBXVariantGroup section */

/* Begin XCBuildConfiguration section */
		83252F0624E28DC9003DD3C0 /* Debug */ = {
			isa = XCBuildConfiguration;
			buildSettings = {
				ALWAYS_SEARCH_USER_PATHS = NO;
				CLANG_ANALYZER_NONNULL = YES;
				CLANG_ANALYZER_NUMBER_OBJECT_CONVERSION = YES_AGGRESSIVE;
				CLANG_CXX_LANGUAGE_STANDARD = "gnu++14";
				CLANG_CXX_LIBRARY = "libc++";
				CLANG_ENABLE_MODULES = YES;
				CLANG_ENABLE_OBJC_ARC = YES;
				CLANG_ENABLE_OBJC_WEAK = YES;
				CLANG_WARN_BLOCK_CAPTURE_AUTORELEASING = YES;
				CLANG_WARN_BOOL_CONVERSION = YES;
				CLANG_WARN_COMMA = YES;
				CLANG_WARN_CONSTANT_CONVERSION = YES;
				CLANG_WARN_DEPRECATED_OBJC_IMPLEMENTATIONS = YES;
				CLANG_WARN_DIRECT_OBJC_ISA_USAGE = YES_ERROR;
				CLANG_WARN_DOCUMENTATION_COMMENTS = YES;
				CLANG_WARN_EMPTY_BODY = YES;
				CLANG_WARN_ENUM_CONVERSION = YES;
				CLANG_WARN_INFINITE_RECURSION = YES;
				CLANG_WARN_INT_CONVERSION = YES;
				CLANG_WARN_NON_LITERAL_NULL_CONVERSION = YES;
				CLANG_WARN_OBJC_IMPLICIT_RETAIN_SELF = YES;
				CLANG_WARN_OBJC_LITERAL_CONVERSION = YES;
				CLANG_WARN_OBJC_ROOT_CLASS = YES_ERROR;
				CLANG_WARN_RANGE_LOOP_ANALYSIS = YES;
				CLANG_WARN_STRICT_PROTOTYPES = YES;
				CLANG_WARN_SUSPICIOUS_MOVE = YES;
				CLANG_WARN_UNGUARDED_AVAILABILITY = YES_AGGRESSIVE;
				CLANG_WARN_UNREACHABLE_CODE = YES;
				CLANG_WARN__DUPLICATE_METHOD_MATCH = YES;
				COPY_PHASE_STRIP = NO;
				DEBUG_INFORMATION_FORMAT = dwarf;
				ENABLE_STRICT_OBJC_MSGSEND = YES;
				ENABLE_TESTABILITY = YES;
				GCC_C_LANGUAGE_STANDARD = gnu11;
				GCC_DYNAMIC_NO_PIC = NO;
				GCC_NO_COMMON_BLOCKS = YES;
				GCC_OPTIMIZATION_LEVEL = 0;
				GCC_PREPROCESSOR_DEFINITIONS = (
					"DEBUG=1",
					"$(inherited)",
				);
				GCC_WARN_64_TO_32_BIT_CONVERSION = YES;
				GCC_WARN_ABOUT_RETURN_TYPE = YES_ERROR;
				GCC_WARN_UNDECLARED_SELECTOR = YES;
				GCC_WARN_UNINITIALIZED_AUTOS = YES_AGGRESSIVE;
				GCC_WARN_UNUSED_FUNCTION = YES;
				GCC_WARN_UNUSED_VARIABLE = YES;
				IPHONEOS_DEPLOYMENT_TARGET = 13.6;
				MTL_ENABLE_DEBUG_INFO = INCLUDE_SOURCE;
				MTL_FAST_MATH = YES;
				ONLY_ACTIVE_ARCH = YES;
				SDKROOT = iphoneos;
				SWIFT_ACTIVE_COMPILATION_CONDITIONS = DEBUG;
				SWIFT_OPTIMIZATION_LEVEL = "-Onone";
			};
			name = Debug;
		};
		83252F0724E28DC9003DD3C0 /* Release */ = {
			isa = XCBuildConfiguration;
			buildSettings = {
				ALWAYS_SEARCH_USER_PATHS = NO;
				CLANG_ANALYZER_NONNULL = YES;
				CLANG_ANALYZER_NUMBER_OBJECT_CONVERSION = YES_AGGRESSIVE;
				CLANG_CXX_LANGUAGE_STANDARD = "gnu++14";
				CLANG_CXX_LIBRARY = "libc++";
				CLANG_ENABLE_MODULES = YES;
				CLANG_ENABLE_OBJC_ARC = YES;
				CLANG_ENABLE_OBJC_WEAK = YES;
				CLANG_WARN_BLOCK_CAPTURE_AUTORELEASING = YES;
				CLANG_WARN_BOOL_CONVERSION = YES;
				CLANG_WARN_COMMA = YES;
				CLANG_WARN_CONSTANT_CONVERSION = YES;
				CLANG_WARN_DEPRECATED_OBJC_IMPLEMENTATIONS = YES;
				CLANG_WARN_DIRECT_OBJC_ISA_USAGE = YES_ERROR;
				CLANG_WARN_DOCUMENTATION_COMMENTS = YES;
				CLANG_WARN_EMPTY_BODY = YES;
				CLANG_WARN_ENUM_CONVERSION = YES;
				CLANG_WARN_INFINITE_RECURSION = YES;
				CLANG_WARN_INT_CONVERSION = YES;
				CLANG_WARN_NON_LITERAL_NULL_CONVERSION = YES;
				CLANG_WARN_OBJC_IMPLICIT_RETAIN_SELF = YES;
				CLANG_WARN_OBJC_LITERAL_CONVERSION = YES;
				CLANG_WARN_OBJC_ROOT_CLASS = YES_ERROR;
				CLANG_WARN_RANGE_LOOP_ANALYSIS = YES;
				CLANG_WARN_STRICT_PROTOTYPES = YES;
				CLANG_WARN_SUSPICIOUS_MOVE = YES;
				CLANG_WARN_UNGUARDED_AVAILABILITY = YES_AGGRESSIVE;
				CLANG_WARN_UNREACHABLE_CODE = YES;
				CLANG_WARN__DUPLICATE_METHOD_MATCH = YES;
				COPY_PHASE_STRIP = NO;
				DEBUG_INFORMATION_FORMAT = "dwarf-with-dsym";
				ENABLE_NS_ASSERTIONS = NO;
				ENABLE_STRICT_OBJC_MSGSEND = YES;
				GCC_C_LANGUAGE_STANDARD = gnu11;
				GCC_NO_COMMON_BLOCKS = YES;
				GCC_WARN_64_TO_32_BIT_CONVERSION = YES;
				GCC_WARN_ABOUT_RETURN_TYPE = YES_ERROR;
				GCC_WARN_UNDECLARED_SELECTOR = YES;
				GCC_WARN_UNINITIALIZED_AUTOS = YES_AGGRESSIVE;
				GCC_WARN_UNUSED_FUNCTION = YES;
				GCC_WARN_UNUSED_VARIABLE = YES;
				IPHONEOS_DEPLOYMENT_TARGET = 13.6;
				MTL_ENABLE_DEBUG_INFO = NO;
				MTL_FAST_MATH = YES;
				SDKROOT = iphoneos;
				SWIFT_COMPILATION_MODE = wholemodule;
				SWIFT_OPTIMIZATION_LEVEL = "-O";
				VALIDATE_PRODUCT = YES;
			};
			name = Release;
		};
		83252F0924E28DC9003DD3C0 /* Debug */ = {
			isa = XCBuildConfiguration;
			buildSettings = {
				ASSETCATALOG_COMPILER_APPICON_NAME = AppIcon;
				CODE_SIGN_STYLE = Automatic;
				INFOPLIST_FILE = ProjectForPractice/Info.plist;
				LD_RUNPATH_SEARCH_PATHS = (
					"$(inherited)",
					"@executable_path/Frameworks",
				);
				PRODUCT_BUNDLE_IDENTIFIER = "-.ProjectForPractice";
				PRODUCT_NAME = "$(TARGET_NAME)";
				SWIFT_VERSION = 5.0;
				TARGETED_DEVICE_FAMILY = "1,2";
			};
			name = Debug;
		};
		83252F0A24E28DC9003DD3C0 /* Release */ = {
			isa = XCBuildConfiguration;
			buildSettings = {
				ASSETCATALOG_COMPILER_APPICON_NAME = AppIcon;
				CODE_SIGN_STYLE = Automatic;
				INFOPLIST_FILE = ProjectForPractice/Info.plist;
				LD_RUNPATH_SEARCH_PATHS = (
					"$(inherited)",
					"@executable_path/Frameworks",
				);
				PRODUCT_BUNDLE_IDENTIFIER = "-.ProjectForPractice";
				PRODUCT_NAME = "$(TARGET_NAME)";
				SWIFT_VERSION = 5.0;
				TARGETED_DEVICE_FAMILY = "1,2";
			};
			name = Release;
		};
		83252F0C24E28DC9003DD3C0 /* Debug */ = {
			isa = XCBuildConfiguration;
			buildSettings = {
				ALWAYS_EMBED_SWIFT_STANDARD_LIBRARIES = YES;
				BUNDLE_LOADER = "$(TEST_HOST)";
				CODE_SIGN_STYLE = Automatic;
				INFOPLIST_FILE = ProjectForPracticeTests/Info.plist;
				IPHONEOS_DEPLOYMENT_TARGET = 13.6;
				LD_RUNPATH_SEARCH_PATHS = (
					"$(inherited)",
					"@executable_path/Frameworks",
					"@loader_path/Frameworks",
				);
				PRODUCT_BUNDLE_IDENTIFIER = "-.ProjectForPracticeTests";
				PRODUCT_NAME = "$(TARGET_NAME)";
				SWIFT_VERSION = 5.0;
				TARGETED_DEVICE_FAMILY = "1,2";
				TEST_HOST = "$(BUILT_PRODUCTS_DIR)/ProjectForPractice.app/ProjectForPractice";
			};
			name = Debug;
		};
		83252F0D24E28DC9003DD3C0 /* Release */ = {
			isa = XCBuildConfiguration;
			buildSettings = {
				ALWAYS_EMBED_SWIFT_STANDARD_LIBRARIES = YES;
				BUNDLE_LOADER = "$(TEST_HOST)";
				CODE_SIGN_STYLE = Automatic;
				INFOPLIST_FILE = ProjectForPracticeTests/Info.plist;
				IPHONEOS_DEPLOYMENT_TARGET = 13.6;
				LD_RUNPATH_SEARCH_PATHS = (
					"$(inherited)",
					"@executable_path/Frameworks",
					"@loader_path/Frameworks",
				);
				PRODUCT_BUNDLE_IDENTIFIER = "-.ProjectForPracticeTests";
				PRODUCT_NAME = "$(TARGET_NAME)";
				SWIFT_VERSION = 5.0;
				TARGETED_DEVICE_FAMILY = "1,2";
				TEST_HOST = "$(BUILT_PRODUCTS_DIR)/ProjectForPractice.app/ProjectForPractice";
			};
			name = Release;
		};
/* End XCBuildConfiguration section */

/* Begin XCConfigurationList section */
		83252EE424E28DC7003DD3C0 /* Build configuration list for PBXProject "ProjectForPractice" */ = {
			isa = XCConfigurationList;
			buildConfigurations = (
				83252F0624E28DC9003DD3C0 /* Debug */,
				83252F0724E28DC9003DD3C0 /* Release */,
			);
			defaultConfigurationIsVisible = 0;
			defaultConfigurationName = Release;
		};
		83252F0824E28DC9003DD3C0 /* Build configuration list for PBXNativeTarget "ProjectForPractice" */ = {
			isa = XCConfigurationList;
			buildConfigurations = (
				83252F0924E28DC9003DD3C0 /* Debug */,
				83252F0A24E28DC9003DD3C0 /* Release */,
			);
			defaultConfigurationIsVisible = 0;
			defaultConfigurationName = Release;
		};
		83252F0B24E28DC9003DD3C0 /* Build configuration list for PBXNativeTarget "ProjectForPracticeTests" */ = {
			isa = XCConfigurationList;
			buildConfigurations = (
				83252F0C24E28DC9003DD3C0 /* Debug */,
				83252F0D24E28DC9003DD3C0 /* Release */,
			);
			defaultConfigurationIsVisible = 0;
			defaultConfigurationName = Release;
		};
/* End XCConfigurationList section */
	};
	rootObject = 83252EE124E28DC7003DD3C0 /* Project object */;
}
